{
  "nodes": {
    "nixpkgs": {
      "locked": {
        "lastModified": 1789994327,
        "narHash": "sha256-mNEdEhfKGzZoS2AvDmgl/VaU8HMP4se5EVHN0kLft1o=",
        "rev": "3396d0584677afd0e6ce20ac2474eab0adf0fb2b",
        "type": "tarball",
        "url": "https://releases.nixos.org/nixpkgs/nixpkgs-26.11pre1077524.3396d0584677/nixexprs.tar.zst"
      },
      "original": {
        "id": "nixpkgs",
        "type": "indirect"
      }
    },
    "root": {
      "inputs": {
        "nixpkgs": "nixpkgs"
      }
    }
  },
  "root": "root",
  "version": 7
}
